// !$*UTF8*$!
{
	archiveVersion = 1;
	classes = {
	};
	objectVersion = 46;
	objects = {

/* Begin PBXBuildFile section */
		3ED7E0E01E2823F500F68A34 /* googleplay.cpp in Sources */ = {isa = PBXBuildFile; fileRef = 3ED7E0DE1E2823F500F68A34 /* googleplay.cpp */; };
		3ED7E0E11E2823F500F68A34 /* googleplay.h in Headers */ = {isa = PBXBuildFile; fileRef = 3ED7E0DF1E2823F500F68A34 /* googleplay.h */; };
		3ED7E0E51E28241000F68A34 /* iosGooglePlay.h in Headers */ = {isa = PBXBuildFile; fileRef = 3ED7E0E31E28241000F68A34 /* iosGooglePlay.h */; };
		3ED7E0E61E28241000F68A34 /* iosGooglePlay.mm in Sources */ = {isa = PBXBuildFile; fileRef = 3ED7E0E41E28241000F68A34 /* iosGooglePlay.mm */; };
/* End PBXBuildFile section */

/* Begin PBXFileReference section */
		3ED7E0DE1E2823F500F68A34 /* googleplay.cpp */ = {isa = PBXFileReference; fileEncoding = 4; lastKnownFileType = sourcecode.cpp.cpp; path = googleplay.cpp; sourceTree = "<group>"; };
		3ED7E0DF1E2823F500F68A34 /* googleplay.h */ = {isa = PBXFileReference; fileEncoding = 4; lastKnownFileType = sourcecode.c.h; path = googleplay.h; sourceTree = "<group>"; };
		3ED7E0E31E28241000F68A34 /* iosGooglePlay.h */ = {isa = PBXFileReference; fileEncoding = 4; lastKnownFileType = sourcecode.c.h; name = iosGooglePlay.h; path = ios/iosGooglePlay.h; sourceTree = "<group>"; };
		3ED7E0E41E28241000F68A34 /* iosGooglePlay.mm */ = {isa = PBXFileReference; fileEncoding = 4; lastKnownFileType = sourcecode.cpp.objcpp; name = iosGooglePlay.mm; path = ios/iosGooglePlay.mm; sourceTree = "<group>"; };
		92AF25E919C637F80026E2CE /* liboxygine-googleplay.a */ = {isa = PBXFileReference; explicitFileType = archive.ar; includeInIndex = 0; path = "liboxygine-googleplay.a"; sourceTree = BUILT_PRODUCTS_DIR; };
/* End PBXFileReference section */

/* Begin PBXFrameworksBuildPhase section */
		92AF25E619C637F80026E2CE /* Frameworks */ = {
			isa = PBXFrameworksBuildPhase;
			buildActionMask = 2147483647;
			files = (
			);
			runOnlyForDeploymentPostprocessing = 0;
		};
/* End PBXFrameworksBuildPhase section */

/* Begin PBXGroup section */
		92AF25E019C637F80026E2CE = {
			isa = PBXGroup;
			children = (
				92AF25F019C6383D0026E2CE /* src */,
				92AF25EA19C637F80026E2CE /* Products */,
			);
			sourceTree = "<group>";
		};
		92AF25EA19C637F80026E2CE /* Products */ = {
			isa = PBXGroup;
			children = (
				92AF25E919C637F80026E2CE /* liboxygine-googleplay.a */,
			);
			name = Products;
			sourceTree = "<group>";
		};
		92AF25F019C6383D0026E2CE /* src */ = {
			isa = PBXGroup;
			children = (
				3ED7E0DE1E2823F500F68A34 /* googleplay.cpp */,
				3ED7E0DF1E2823F500F68A34 /* googleplay.h */,
				3ED7E0E31E28241000F68A34 /* iosGooglePlay.h */,
				3ED7E0E41E28241000F68A34 /* iosGooglePlay.mm */,
			);
			name = src;
			path = ../src;
			sourceTree = "<group>";
		};
/* End PBXGroup section */

/* Begin PBXHeadersBuildPhase section */
		92AF25E719C637F80026E2CE /* Headers */ = {
			isa = PBXHeadersBuildPhase;
			buildActionMask = 2147483647;
			files = (
				3ED7E0E11E2823F500F68A34 /* googleplay.h in Headers */,
				3ED7E0E51E28241000F68A34 /* iosGooglePlay.h in Headers */,
			);
			runOnlyForDeploymentPostprocessing = 0;
		};
/* End PBXHeadersBuildPhase section */

/* Begin PBXNativeTarget section */
		92AF25E819C637F80026E2CE /* oxygine-googleplay */ = {
			isa = PBXNativeTarget;
			buildConfigurationList = 92AF25ED19C637F80026E2CE /* Build configuration list for PBXNativeTarget "oxygine-googleplay" */;
			buildPhases = (
				92AF25E519C637F80026E2CE /* Sources */,
				92AF25E619C637F80026E2CE /* Frameworks */,
				92AF25E719C637F80026E2CE /* Headers */,
			);
			buildRules = (
			);
			dependencies = (
			);
			name = "oxygine-googleplay";
			productName = "oxygine-sound";
			productReference = 92AF25E919C637F80026E2CE /* liboxygine-googleplay.a */;
			productType = "com.apple.product-type.library.static";
		};
/* End PBXNativeTarget section */

/* Begin PBXProject section */
		92AF25E119C637F80026E2CE /* Project object */ = {
			isa = PBXProject;
			attributes = {
				LastUpgradeCheck = 0730;
				ORGANIZATIONNAME = oxygine;
			};
			buildConfigurationList = 92AF25E419C637F80026E2CE /* Build configuration list for PBXProject "oxygine-googleplay" */;
			compatibilityVersion = "Xcode 3.2";
			developmentRegion = English;
			hasScannedForEncodings = 0;
			knownRegions = (
				en,
			);
			mainGroup = 92AF25E019C637F80026E2CE;
			productRefGroup = 92AF25EA19C637F80026E2CE /* Products */;
			projectDirPath = "";
			projectRoot = "";
			targets = (
				92AF25E819C637F80026E2CE /* oxygine-googleplay */,
			);
		};
/* End PBXProject section */

/* Begin PBXSourcesBuildPhase section */
		92AF25E519C637F80026E2CE /* Sources */ = {
			isa = PBXSourcesBuildPhase;
			buildActionMask = 2147483647;
			files = (
				3ED7E0E61E28241000F68A34 /* iosGooglePlay.mm in Sources */,
				3ED7E0E01E2823F500F68A34 /* googleplay.cpp in Sources */,
			);
			runOnlyForDeploymentPostprocessing = 0;
		};
/* End PBXSourcesBuildPhase section */

/* Begin XCBuildConfiguration section */
		92AF25EB19C637F80026E2CE /* Debug */ = {
			isa = XCBuildConfiguration;
			buildSettings = {
				ALWAYS_SEARCH_USER_PATHS = NO;
				CLANG_CXX_LANGUAGE_STANDARD = "gnu++0x";
				CLANG_CXX_LIBRARY = "libc++";
				CLANG_ENABLE_MODULES = YES;
				CLANG_ENABLE_OBJC_ARC = YES;
				CLANG_WARN_BOOL_CONVERSION = YES;
				CLANG_WARN_CONSTANT_CONVERSION = YES;
				CLANG_WARN_DIRECT_OBJC_ISA_USAGE = YES_ERROR;
				CLANG_WARN_EMPTY_BODY = YES;
				CLANG_WARN_ENUM_CONVERSION = YES;
				CLANG_WARN_INT_CONVERSION = YES;
				CLANG_WARN_OBJC_ROOT_CLASS = YES_ERROR;
				CLANG_WARN__DUPLICATE_METHOD_MATCH = YES;
				COPY_PHASE_STRIP = NO;
				ENABLE_TESTABILITY = YES;
				GCC_C_LANGUAGE_STANDARD = gnu99;
				GCC_DYNAMIC_NO_PIC = NO;
				GCC_ENABLE_OBJC_EXCEPTIONS = YES;
				GCC_OPTIMIZATION_LEVEL = 0;
				GCC_PREPROCESSOR_DEFINITIONS = (
					"DEBUG=1",
					"$(inherited)",
				);
				GCC_SYMBOLS_PRIVATE_EXTERN = NO;
				GCC_WARN_64_TO_32_BIT_CONVERSION = NO;
				GCC_WARN_ABOUT_RETURN_TYPE = YES_ERROR;
				GCC_WARN_UNDECLARED_SELECTOR = YES;
				GCC_WARN_UNINITIALIZED_AUTOS = YES_AGGRESSIVE;
				GCC_WARN_UNUSED_FUNCTION = YES;
				GCC_WARN_UNUSED_VARIABLE = NO;
				IPHONEOS_DEPLOYMENT_TARGET = 7.0;
				MACOSX_DEPLOYMENT_TARGET = 10.9;
				ONLY_ACTIVE_ARCH = YES;
				SDKROOT = iphoneos;
				SKIP_INSTALL = YES;
				SUPPORTED_PLATFORMS = "iphonesimulator iphoneos";
				USER_HEADER_SEARCH_PATHS = "../src ../../oxygine-framework/oxygine/src";
			};
			name = Debug;
		};
		92AF25EC19C637F80026E2CE /* Release */ = {
			isa = XCBuildConfiguration;
			buildSettings = {
				ALWAYS_SEARCH_USER_PATHS = NO;
				CLANG_CXX_LANGUAGE_STANDARD = "gnu++0x";
				CLANG_CXX_LIBRARY = "libc++";
				CLANG_ENABLE_MODULES = YES;
				CLANG_ENABLE_OBJC_ARC = YES;
				CLANG_WARN_BOOL_CONVERSION = YES;
				CLANG_WARN_CONSTANT_CONVERSION = YES;
				CLANG_WARN_DIRECT_OBJC_ISA_USAGE = YES_ERROR;
				CLANG_WARN_EMPTY_BODY = YES;
				CLANG_WARN_ENUM_CONVERSION = YES;
				CLANG_WARN_INT_CONVERSION = YES;
				CLANG_WARN_OBJC_ROOT_CLASS = YES_ERROR;
				CLANG_WARN__DUPLICATE_METHOD_MATCH = YES;
				COPY_PHASE_STRIP = YES;
				DEBUG_INFORMATION_FORMAT = "dwarf-with-dsym";
				ENABLE_NS_ASSERTIONS = NO;
				GCC_C_LANGUAGE_STANDARD = gnu99;
				GCC_ENABLE_OBJC_EXCEPTIONS = YES;
				GCC_WARN_64_TO_32_BIT_CONVERSION = NO;
				GCC_WARN_ABOUT_RETURN_TYPE = YES_ERROR;
				GCC_WARN_UNDECLARED_SELECTOR = YES;
				GCC_WARN_UNINITIALIZED_AUTOS = YES_AGGRESSIVE;
				GCC_WARN_UNUSED_FUNCTION = YES;
				GCC_WARN_UNUSED_VARIABLE = NO;
				IPHONEOS_DEPLOYMENT_TARGET = 7.0;
				MACOSX_DEPLOYMENT_TARGET = 10.9;
				SDKROOT = iphoneos;
				SKIP_INSTALL = YES;
				SUPPORTED_PLATFORMS = "iphonesimulator iphoneos";
				USER_HEADER_SEARCH_PATHS = "../src ../../oxygine-framework/oxygine/src";
			};
			name = Release;
		};
		92AF25EE19C637F80026E2CE /* Debug */ = {
			isa = XCBuildConfiguration;
			buildSettings = {
				EXECUTABLE_PREFIX = lib;
				PRODUCT_NAME = "$(TARGET_NAME)";
			};
			name = Debug;
		};
		92AF25EF19C637F80026E2CE /* Release */ = {
			isa = XCBuildConfiguration;
			buildSettings = {
				EXECUTABLE_PREFIX = lib;
				PRODUCT_NAME = "$(TARGET_NAME)";
			};
			name = Release;
		};
/* End XCBuildConfiguration section */

/* Begin XCConfigurationList section */
		92AF25E419C637F80026E2CE /* Build configuration list for PBXProject "oxygine-googleplay" */ = {
			isa = XCConfigurationList;
			buildConfigurations = (
				92AF25EB19C637F80026E2CE /* Debug */,
				92AF25EC19C637F80026E2CE /* Release */,
			);
			defaultConfigurationIsVisible = 0;
			defaultConfigurationName = Release;
		};
		92AF25ED19C637F80026E2CE /* Build configuration list for PBXNativeTarget "oxygine-googleplay" */ = {
			isa = XCConfigurationList;
			buildConfigurations = (
				92AF25EE19C637F80026E2CE /* Debug */,
				92AF25EF19C637F80026E2CE /* Release */,
			);
			defaultConfigurationIsVisible = 0;
			defaultConfigurationName = Release;
		};
/* End XCConfigurationList section */
	};
	rootObject = 92AF25E119C637F80026E2CE /* Project object */;
}
